
Microsoft Visual Studio Solution File, Format Version 12.00
# Visual Studio Version 16
VisualStudioVersion = 16.0.30804.86
MinimumVisualStudioVersion = 10.0.40219.1
Project("{FAE04EC0-301F-11D3-BF4B-00C04F79EFBC}") = "Compras", "Compras\Compras.csproj", "{E54D5BCF-22DF-4C2F-AC02-8217245C2329}"
EndProject
Project("{FAE04EC0-301F-11D3-BF4B-00C04F79EFBC}") = "Testes", "Testes\Testes.csproj", "{CAA1A874-688E-4EE4-BE0A-6E15B52ECFA8}"
EndProject
Project("{2150E333-8FDC-42A3-9474-1A3956D46DE8}") = "Solution Items", "Solution Items", "{997A44B3-226C-439E-8A71-3ED17CC16872}"
	ProjectSection(SolutionItems) = preProject
		.gitignore = .gitignore
		Capturar.PNG = Capturar.PNG
		README.md = README.md
	EndProjectSection
EndProject
Global
	GlobalSection(SolutionConfigurationPlatforms) = preSolution
		Debug|Any CPU = Debug|Any CPU
		Release|Any CPU = Release|Any CPU
	EndGlobalSection
	GlobalSection(ProjectConfigurationPlatforms) = postSolution
		{E54D5BCF-22DF-4C2F-AC02-8217245C2329}.Debug|Any CPU.ActiveCfg = Debug|Any CPU
		{E54D5BCF-22DF-4C2F-AC02-8217245C2329}.Debug|Any CPU.Build.0 = Debug|Any CPU
		{E54D5BCF-22DF-4C2F-AC02-8217245C2329}.Release|Any CPU.ActiveCfg = Release|Any CPU
		{E54D5BCF-22DF-4C2F-AC02-8217245C2329}.Release|Any CPU.Build.0 = Release|Any CPU
		{CAA1A874-688E-4EE4-BE0A-6E15B52ECFA8}.Debug|Any CPU.ActiveCfg = Debug|Any CPU
		{CAA1A874-688E-4EE4-BE0A-6E15B52ECFA8}.Debug|Any CPU.Build.0 = Debug|Any CPU
		{CAA1A874-688E-4EE4-BE0A-6E15B52ECFA8}.Release|Any CPU.ActiveCfg = Release|Any CPU
		{CAA1A874-688E-4EE4-BE0A-6E15B52ECFA8}.Release|Any CPU.Build.0 = Release|Any CPU
	EndGlobalSection
	GlobalSection(SolutionProperties) = preSolution
		HideSolutionNode = FALSE
	EndGlobalSection
	GlobalSection(ExtensibilityGlobals) = postSolution
		SolutionGuid = {210FECCD-137E-46BC-8F70-5D0113034399}
	EndGlobalSection
EndGlobal
